// !$*UTF8*$!
{
	archiveVersion = 1;
	classes = {
	};
	objectVersion = 46;
	objects = {

/* Begin PBXBuildFile section */
		183390711EFB74BC001F0AFD /* main.m in Sources */ = {isa = PBXBuildFile; fileRef = 183390701EFB74BC001F0AFD /* main.m */; };
		183390741EFB74BC001F0AFD /* AppDelegate.m in Sources */ = {isa = PBXBuildFile; fileRef = 183390731EFB74BC001F0AFD /* AppDelegate.m */; };
		183390771EFB74BC001F0AFD /* ViewController.m in Sources */ = {isa = PBXBuildFile; fileRef = 183390761EFB74BC001F0AFD /* ViewController.m */; };
		1833907A1EFB74BC001F0AFD /* Main.storyboard in Resources */ = {isa = PBXBuildFile; fileRef = 183390781EFB74BC001F0AFD /* Main.storyboard */; };
		1833907C1EFB74BC001F0AFD /* Assets.xcassets in Resources */ = {isa = PBXBuildFile; fileRef = 1833907B1EFB74BC001F0AFD /* Assets.xcassets */; };
		1833907F1EFB74BC001F0AFD /* LaunchScreen.storyboard in Resources */ = {isa = PBXBuildFile; fileRef = 1833907D1EFB74BC001F0AFD /* LaunchScreen.storyboard */; };
		183390881EFB74CB001F0AFD /* addmanage.m in Sources */ = {isa = PBXBuildFile; fileRef = 183390871EFB74CB001F0AFD /* addmanage.m */; };
/* End PBXBuildFile section */

/* Begin PBXFileReference section */
		1833906C1EFB74BC001F0AFD /* ChainProgramming.app */ = {isa = PBXFileReference; explicitFileType = wrapper.application; includeInIndex = 0; path = ChainProgramming.app; sourceTree = BUILT_PRODUCTS_DIR; };
		183390701EFB74BC001F0AFD /* main.m */ = {isa = PBXFileReference; lastKnownFileType = sourcecode.c.objc; path = main.m; sourceTree = "<group>"; };
		183390721EFB74BC001F0AFD /* AppDelegate.h */ = {isa = PBXFileReference; lastKnownFileType = sourcecode.c.h; path = AppDelegate.h; sourceTree = "<group>"; };
		183390731EFB74BC001F0AFD /* AppDelegate.m */ = {isa = PBXFileReference; lastKnownFileType = sourcecode.c.objc; path = AppDelegate.m; sourceTree = "<group>"; };
		183390751EFB74BC001F0AFD /* ViewController.h */ = {isa = PBXFileReference; lastKnownFileType = sourcecode.c.h; path = ViewController.h; sourceTree = "<group>"; };
		183390761EFB74BC001F0AFD /* ViewController.m */ = {isa = PBXFileReference; lastKnownFileType = sourcecode.c.objc; path = ViewController.m; sourceTree = "<group>"; };
		183390791EFB74BC001F0AFD /* Base */ = {isa = PBXFileReference; lastKnownFileType = file.storyboard; name = Base; path = Base.lproj/Main.storyboard; sourceTree = "<group>"; };
		1833907B1EFB74BC001F0AFD /* Assets.xcassets */ = {isa = PBXFileReference; lastKnownFileType = folder.assetcatalog; path = Assets.xcassets; sourceTree = "<group>"; };
		1833907E1EFB74BC001F0AFD /* Base */ = {isa = PBXFileReference; lastKnownFileType = file.storyboard; name = Base; path = Base.lproj/LaunchScreen.storyboard; sourceTree = "<group>"; };
		183390801EFB74BC001F0AFD /* Info.plist */ = {isa = PBXFileReference; lastKnownFileType = text.plist.xml; path = Info.plist; sourceTree = "<group>"; };
		183390861EFB74CB001F0AFD /* addmanage.h */ = {isa = PBXFileReference; fileEncoding = 4; lastKnownFileType = sourcecode.c.h; path = addmanage.h; sourceTree = "<group>"; };
		183390871EFB74CB001F0AFD /* addmanage.m */ = {isa = PBXFileReference; fileEncoding = 4; lastKnownFileType = sourcecode.c.objc; path = addmanage.m; sourceTree = "<group>"; };
/* End PBXFileReference section */

/* Begin PBXFrameworksBuildPhase section */
		183390691EFB74BC001F0AFD /* Frameworks */ = {
			isa = PBXFrameworksBuildPhase;
			buildActionMask = 2147483647;
			files = (
			);
			runOnlyForDeploymentPostprocessing = 0;
		};
/* End PBXFrameworksBuildPhase section */

/* Begin PBXGroup section */
		183390631EFB74BC001F0AFD = {
			isa = PBXGroup;
			children = (
				1833906E1EFB74BC001F0AFD /* ChainProgramming */,
				1833906D1EFB74BC001F0AFD /* Products */,
			);
			sourceTree = "<group>";
		};
		1833906D1EFB74BC001F0AFD /* Products */ = {
			isa = PBXGroup;
			children = (
				1833906C1EFB74BC001F0AFD /* ChainProgramming.app */,
			);
			name = Products;
			sourceTree = "<group>";
		};
		1833906E1EFB74BC001F0AFD /* ChainProgramming */ = {
			isa = PBXGroup;
			children = (
				183390721EFB74BC001F0AFD /* AppDelegate.h */,
				183390731EFB74BC001F0AFD /* AppDelegate.m */,
				183390751EFB74BC001F0AFD /* ViewController.h */,
				183390761EFB74BC001F0AFD /* ViewController.m */,
				183390861EFB74CB001F0AFD /* addmanage.h */,
				183390871EFB74CB001F0AFD /* addmanage.m */,
				183390781EFB74BC001F0AFD /* Main.storyboard */,
				1833907B1EFB74BC001F0AFD /* Assets.xcassets */,
				1833907D1EFB74BC001F0AFD /* LaunchScreen.storyboard */,
				183390801EFB74BC001F0AFD /* Info.plist */,
				1833906F1EFB74BC001F0AFD /* Supporting Files */,
			);
			path = ChainProgramming;
			sourceTree = "<group>";
		};
		1833906F1EFB74BC001F0AFD /* Supporting Files */ = {
			isa = PBXGroup;
			children = (
				183390701EFB74BC001F0AFD /* main.m */,
			);
			name = "Supporting Files";
			sourceTree = "<group>";
		};
/* End PBXGroup section */

/* Begin PBXNativeTarget section */
		1833906B1EFB74BC001F0AFD /* ChainProgramming */ = {
			isa = PBXNativeTarget;
			buildConfigurationList = 183390831EFB74BC001F0AFD /* Build configuration list for PBXNativeTarget "ChainProgramming" */;
			buildPhases = (
				183390681EFB74BC001F0AFD /* Sources */,
				183390691EFB74BC001F0AFD /* Frameworks */,
				1833906A1EFB74BC001F0AFD /* Resources */,
			);
			buildRules = (
			);
			dependencies = (
			);
			name = ChainProgramming;
			productName = ChainProgramming;
			productReference = 1833906C1EFB74BC001F0AFD /* ChainProgramming.app */;
			productType = "com.apple.product-type.application";
		};
/* End PBXNativeTarget section */

/* Begin PBXProject section */
		183390641EFB74BC001F0AFD /* Project object */ = {
			isa = PBXProject;
			attributes = {
				LastUpgradeCheck = 0820;
				ORGANIZATIONNAME = geimeite;
				TargetAttributes = {
					1833906B1EFB74BC001F0AFD = {
						CreatedOnToolsVersion = 8.2.1;
						DevelopmentTeam = 767M3VJ7N9;
						ProvisioningStyle = Automatic;
					};
				};
			};
			buildConfigurationList = 183390671EFB74BC001F0AFD /* Build configuration list for PBXProject "ChainProgramming" */;
			compatibilityVersion = "Xcode 3.2";
			developmentRegion = English;
			hasScannedForEncodings = 0;
			knownRegions = (
				en,
				Base,
			);
			mainGroup = 183390631EFB74BC001F0AFD;
			productRefGroup = 1833906D1EFB74BC001F0AFD /* Products */;
			projectDirPath = "";
			projectRoot = "";
			targets = (
				1833906B1EFB74BC001F0AFD /* ChainProgramming */,
			);
		};
/* End PBXProject section */

/* Begin PBXResourcesBuildPhase section */
		1833906A1EFB74BC001F0AFD /* Resources */ = {
			isa = PBXResourcesBuildPhase;
			buildActionMask = 2147483647;
			files = (
				1833907F1EFB74BC001F0AFD /* LaunchScreen.storyboard in Resources */,
				1833907C1EFB74BC001F0AFD /* Assets.xcassets in Resources */,
				1833907A1EFB74BC001F0AFD /* Main.storyboard in Resources */,
			);
			runOnlyForDeploymentPostprocessing = 0;
		};
/* End PBXResourcesBuildPhase section */

/* Begin PBXSourcesBuildPhase section */
		183390681EFB74BC001F0AFD /* Sources */ = {
			isa = PBXSourcesBuildPhase;
			buildActionMask = 2147483647;
			files = (
				183390881EFB74CB001F0AFD /* addmanage.m in Sources */,
				183390771EFB74BC001F0AFD /* ViewController.m in Sources */,
				183390741EFB74BC001F0AFD /* AppDelegate.m in Sources */,
				183390711EFB74BC001F0AFD /* main.m in Sources */,
			);
			runOnlyForDeploymentPostprocessing = 0;
		};
/* End PBXSourcesBuildPhase section */

/* Begin PBXVariantGroup section */
		183390781EFB74BC001F0AFD /* Main.storyboard */ = {
			isa = PBXVariantGroup;
			children = (
				183390791EFB74BC001F0AFD /* Base */,
			);
			name = Main.storyboard;
			sourceTree = "<group>";
		};
		1833907D1EFB74BC001F0AFD /* LaunchScreen.storyboard */ = {
			isa = PBXVariantGroup;
			children = (
				1833907E1EFB74BC001F0AFD /* Base */,
			);
			name = LaunchScreen.storyboard;
			sourceTree = "<group>";
		};
/* End PBXVariantGroup section */

/* Begin XCBuildConfiguration section */
		183390811EFB74BC001F0AFD /* Debug */ = {
			isa = XCBuildConfiguration;
			buildSettings = {
				ALWAYS_SEARCH_USER_PATHS = NO;
				CLANG_ANALYZER_NONNULL = YES;
				CLANG_CXX_LANGUAGE_STANDARD = "gnu++0x";
				CLANG_CXX_LIBRARY = "libc++";
				CLANG_ENABLE_MODULES = YES;
				CLANG_ENABLE_OBJC_ARC = YES;
				CLANG_WARN_BOOL_CONVERSION = YES;
				CLANG_WARN_CONSTANT_CONVERSION = YES;
				CLANG_WARN_DIRECT_OBJC_ISA_USAGE = YES_ERROR;
				CLANG_WARN_DOCUMENTATION_COMMENTS = YES;
				CLANG_WARN_EMPTY_BODY = YES;
				CLANG_WARN_ENUM_CONVERSION = YES;
				CLANG_WARN_INFINITE_RECURSION = YES;
				CLANG_WARN_INT_CONVERSION = YES;
				CLANG_WARN_OBJC_ROOT_CLASS = YES_ERROR;
				CLANG_WARN_SUSPICIOUS_MOVE = YES;
				CLANG_WARN_UNREACHABLE_CODE = YES;
				CLANG_WARN__DUPLICATE_METHOD_MATCH = YES;
				"CODE_SIGN_IDENTITY[sdk=iphoneos*]" = "iPhone Developer";
				COPY_PHASE_STRIP = NO;
				DEBUG_INFORMATION_FORMAT = dwarf;
				ENABLE_STRICT_OBJC_MSGSEND = YES;
				ENABLE_TESTABILITY = YES;
				GCC_C_LANGUAGE_STANDARD = gnu99;
				GCC_DYNAMIC_NO_PIC = NO;
				GCC_NO_COMMON_BLOCKS = YES;
				GCC_OPTIMIZATION_LEVEL = 0;
				GCC_PREPROCESSOR_DEFINITIONS = (
					"DEBUG=1",
					"$(inherited)",
				);
				GCC_WARN_64_TO_32_BIT_CONVERSION = YES;
				GCC_WARN_ABOUT_RETURN_TYPE = YES_ERROR;
				GCC_WARN_UNDECLARED_SELECTOR = YES;
				GCC_WARN_UNINITIALIZED_AUTOS = YES_AGGRESSIVE;
				GCC_WARN_UNUSED_FUNCTION = YES;
				GCC_WARN_UNUSED_VARIABLE = YES;
				IPHONEOS_DEPLOYMENT_TARGET = 10.2;
				MTL_ENABLE_DEBUG_INFO = YES;
				ONLY_ACTIVE_ARCH = YES;
				SDKROOT = iphoneos;
			};
			name = Debug;
		};
		183390821EFB74BC001F0AFD /* Release */ = {
			isa = XCBuildConfiguration;
			buildSettings = {
				ALWAYS_SEARCH_USER_PATHS = NO;
				CLANG_ANALYZER_NONNULL = YES;
				CLANG_CXX_LANGUAGE_STANDARD = "gnu++0x";
				CLANG_CXX_LIBRARY = "libc++";
				CLANG_ENABLE_MODULES = YES;
				CLANG_ENABLE_OBJC_ARC = YES;
				CLANG_WARN_BOOL_CONVERSION = YES;
				CLANG_WARN_CONSTANT_CONVERSION = YES;
				CLANG_WARN_DIRECT_OBJC_ISA_USAGE = YES_ERROR;
				CLANG_WARN_DOCUMENTATION_COMMENTS = YES;
				CLANG_WARN_EMPTY_BODY = YES;
				CLANG_WARN_ENUM_CONVERSION = YES;
				CLANG_WARN_INFINITE_RECURSION = YES;
				CLANG_WARN_INT_CONVERSION = YES;
				CLANG_WARN_OBJC_ROOT_CLASS = YES_ERROR;
				CLANG_WARN_SUSPICIOUS_MOVE = YES;
				CLANG_WARN_UNREACHABLE_CODE = YES;
				CLANG_WARN__DUPLICATE_METHOD_MATCH = YES;
				"CODE_SIGN_IDENTITY[sdk=iphoneos*]" = "iPhone Developer";
				COPY_PHASE_STRIP = NO;
				DEBUG_INFORMATION_FORMAT = "dwarf-with-dsym";
				ENABLE_NS_ASSERTIONS = NO;
				ENABLE_STRICT_OBJC_MSGSEND = YES;
				GCC_C_LANGUAGE_STANDARD = gnu99;
				GCC_NO_COMMON_BLOCKS = YES;
				GCC_WARN_64_TO_32_BIT_CONVERSION = YES;
				GCC_WARN_ABOUT_RETURN_TYPE = YES_ERROR;
				GCC_WARN_UNDECLARED_SELECTOR = YES;
				GCC_WARN_UNINITIALIZED_AUTOS = YES_AGGRESSIVE;
				GCC_WARN_UNUSED_FUNCTION = YES;
				GCC_WARN_UNUSED_VARIABLE = YES;
				IPHONEOS_DEPLOYMENT_TARGET = 10.2;
				MTL_ENABLE_DEBUG_INFO = NO;
				SDKROOT = iphoneos;
				VALIDATE_PRODUCT = YES;
			};
			name = Release;
		};
		183390841EFB74BC001F0AFD /* Debug */ = {
			isa = XCBuildConfiguration;
			buildSettings = {
				ASSETCATALOG_COMPILER_APPICON_NAME = AppIcon;
				DEVELOPMENT_TEAM = 767M3VJ7N9;
				INFOPLIST_FILE = ChainProgramming/Info.plist;
				LD_RUNPATH_SEARCH_PATHS = "$(inherited) @executable_path/Frameworks";
				PRODUCT_BUNDLE_IDENTIFIER = com.qiyi.ChainProgramming;
				PRODUCT_NAME = "$(TARGET_NAME)";
			};
			name = Debug;
		};
		183390851EFB74BC001F0AFD /* Release */ = {
			isa = XCBuildConfiguration;
			buildSettings = {
				ASSETCATALOG_COMPILER_APPICON_NAME = AppIcon;
				DEVELOPMENT_TEAM = 767M3VJ7N9;
				INFOPLIST_FILE = ChainProgramming/Info.plist;
				LD_RUNPATH_SEARCH_PATHS = "$(inherited) @executable_path/Frameworks";
				PRODUCT_BUNDLE_IDENTIFIER = com.qiyi.ChainProgramming;
				PRODUCT_NAME = "$(TARGET_NAME)";
			};
			name = Release;
		};
/* End XCBuildConfiguration section */

/* Begin XCConfigurationList section */
		183390671EFB74BC001F0AFD /* Build configuration list for PBXProject "ChainProgramming" */ = {
			isa = XCConfigurationList;
			buildConfigurations = (
				183390811EFB74BC001F0AFD /* Debug */,
				183390821EFB74BC001F0AFD /* Release */,
			);
			defaultConfigurationIsVisible = 0;
			defaultConfigurationName = Release;
		};
		183390831EFB74BC001F0AFD /* Build configuration list for PBXNativeTarget "ChainProgramming" */ = {
			isa = XCConfigurationList;
			buildConfigurations = (
				183390841EFB74BC001F0AFD /* Debug */,
				183390851EFB74BC001F0AFD /* Release */,
			);
			defaultConfigurationIsVisible = 0;
		};
/* End XCConfigurationList section */
	};
	rootObject = 183390641EFB74BC001F0AFD /* Project object */;
}
